// !$*UTF8*$!
{
	archiveVersion = 1;
	classes = {
	};
	objectVersion = 55;
	objects = {

/* Begin PBXBuildFile section */
		149430B7289917FE00E16E75 /* AppDelegate.swift in Sources */ = {isa = PBXBuildFile; fileRef = 149430B6289917FE00E16E75 /* AppDelegate.swift */; };
		149430B9289917FE00E16E75 /* SceneDelegate.swift in Sources */ = {isa = PBXBuildFile; fileRef = 149430B8289917FE00E16E75 /* SceneDelegate.swift */; };
		149430BE289917FE00E16E75 /* Main.storyboard in Resources */ = {isa = PBXBuildFile; fileRef = 149430BC289917FE00E16E75 /* Main.storyboard */; };
		149430C0289917FF00E16E75 /* Assets.xcassets in Resources */ = {isa = PBXBuildFile; fileRef = 149430BF289917FF00E16E75 /* Assets.xcassets */; };
		149430C3289917FF00E16E75 /* LaunchScreen.storyboard in Resources */ = {isa = PBXBuildFile; fileRef = 149430C1289917FF00E16E75 /* LaunchScreen.storyboard */; };
		149430CB2899189400E16E75 /* SearchViewController.swift in Sources */ = {isa = PBXBuildFile; fileRef = 149430CA2899189400E16E75 /* SearchViewController.swift */; };
		149430CF289918D300E16E75 /* Constant.swift in Sources */ = {isa = PBXBuildFile; fileRef = 149430CE289918D300E16E75 /* Constant.swift */; };
		149430D22899190E00E16E75 /* ListTableViewCell.swift in Sources */ = {isa = PBXBuildFile; fileRef = 149430D02899190E00E16E75 /* ListTableViewCell.swift */; };
		149430D32899190E00E16E75 /* ListTableViewCell.xib in Resources */ = {isa = PBXBuildFile; fileRef = 149430D12899190E00E16E75 /* ListTableViewCell.xib */; };
		149430D62899195700E16E75 /* ReusableProtocol.swift in Sources */ = {isa = PBXBuildFile; fileRef = 149430D52899195700E16E75 /* ReusableProtocol.swift */; };
		149430D928991BB900E16E75 /* Alamofire in Frameworks */ = {isa = PBXBuildFile; productRef = 149430D828991BB900E16E75 /* Alamofire */; };
		149430DC28991BC800E16E75 /* SwiftyJSON in Frameworks */ = {isa = PBXBuildFile; productRef = 149430DB28991BC800E16E75 /* SwiftyJSON */; };
		149430DF28991E7C00E16E75 /* BoxOfficeMovieData.swift in Sources */ = {isa = PBXBuildFile; fileRef = 149430DE28991E7C00E16E75 /* BoxOfficeMovieData.swift */; };
/* End PBXBuildFile section */

/* Begin PBXFileReference section */
		149430B3289917FE00E16E75 /* practiceSearchMovieData.app */ = {isa = PBXFileReference; explicitFileType = wrapper.application; includeInIndex = 0; path = practiceSearchMovieData.app; sourceTree = BUILT_PRODUCTS_DIR; };
		149430B6289917FE00E16E75 /* AppDelegate.swift */ = {isa = PBXFileReference; lastKnownFileType = sourcecode.swift; path = AppDelegate.swift; sourceTree = "<group>"; };
		149430B8289917FE00E16E75 /* SceneDelegate.swift */ = {isa = PBXFileReference; lastKnownFileType = sourcecode.swift; path = SceneDelegate.swift; sourceTree = "<group>"; };
		149430BD289917FE00E16E75 /* Base */ = {isa = PBXFileReference; lastKnownFileType = file.storyboard; name = Base; path = Base.lproj/Main.storyboard; sourceTree = "<group>"; };
		149430BF289917FF00E16E75 /* Assets.xcassets */ = {isa = PBXFileReference; lastKnownFileType = folder.assetcatalog; path = Assets.xcassets; sourceTree = "<group>"; };
		149430C2289917FF00E16E75 /* Base */ = {isa = PBXFileReference; lastKnownFileType = file.storyboard; name = Base; path = Base.lproj/LaunchScreen.storyboard; sourceTree = "<group>"; };
		149430C4289917FF00E16E75 /* Info.plist */ = {isa = PBXFileReference; lastKnownFileType = text.plist.xml; path = Info.plist; sourceTree = "<group>"; };
		149430CA2899189400E16E75 /* SearchViewController.swift */ = {isa = PBXFileReference; lastKnownFileType = sourcecode.swift; path = SearchViewController.swift; sourceTree = "<group>"; };
		149430CE289918D300E16E75 /* Constant.swift */ = {isa = PBXFileReference; lastKnownFileType = sourcecode.swift; path = Constant.swift; sourceTree = "<group>"; };
		149430D02899190E00E16E75 /* ListTableViewCell.swift */ = {isa = PBXFileReference; lastKnownFileType = sourcecode.swift; path = ListTableViewCell.swift; sourceTree = "<group>"; };
		149430D12899190E00E16E75 /* ListTableViewCell.xib */ = {isa = PBXFileReference; lastKnownFileType = file.xib; path = ListTableViewCell.xib; sourceTree = "<group>"; };
		149430D52899195700E16E75 /* ReusableProtocol.swift */ = {isa = PBXFileReference; lastKnownFileType = sourcecode.swift; path = ReusableProtocol.swift; sourceTree = "<group>"; };
		149430DE28991E7C00E16E75 /* BoxOfficeMovieData.swift */ = {isa = PBXFileReference; lastKnownFileType = sourcecode.swift; path = BoxOfficeMovieData.swift; sourceTree = "<group>"; };
/* End PBXFileReference section */

/* Begin PBXFrameworksBuildPhase section */
		149430B0289917FE00E16E75 /* Frameworks */ = {
			isa = PBXFrameworksBuildPhase;
			buildActionMask = 2147483647;
			files = (
				149430DC28991BC800E16E75 /* SwiftyJSON in Frameworks */,
				149430D928991BB900E16E75 /* Alamofire in Frameworks */,
			);
			runOnlyForDeploymentPostprocessing = 0;
		};
/* End PBXFrameworksBuildPhase section */

/* Begin PBXGroup section */
		149430AA289917FE00E16E75 = {
			isa = PBXGroup;
			children = (
				149430B5289917FE00E16E75 /* practiceSearchMovieData */,
				149430B4289917FE00E16E75 /* Products */,
			);
			sourceTree = "<group>";
		};
		149430B4289917FE00E16E75 /* Products */ = {
			isa = PBXGroup;
			children = (
				149430B3289917FE00E16E75 /* practiceSearchMovieData.app */,
			);
			name = Products;
			sourceTree = "<group>";
		};
		149430B5289917FE00E16E75 /* practiceSearchMovieData */ = {
			isa = PBXGroup;
			children = (
				149430D42899192E00E16E75 /* Protocol */,
				149430CC289918B200E16E75 /* Constant */,
				149430E028992F2A00E16E75 /* Movie */,
				149430B6289917FE00E16E75 /* AppDelegate.swift */,
				149430B8289917FE00E16E75 /* SceneDelegate.swift */,
				149430BF289917FF00E16E75 /* Assets.xcassets */,
				149430C1289917FF00E16E75 /* LaunchScreen.storyboard */,
				149430C4289917FF00E16E75 /* Info.plist */,
			);
			path = practiceSearchMovieData;
			sourceTree = "<group>";
		};
		149430CC289918B200E16E75 /* Constant */ = {
			isa = PBXGroup;
			children = (
				149430CE289918D300E16E75 /* Constant.swift */,
			);
			path = Constant;
			sourceTree = "<group>";
		};
		149430D42899192E00E16E75 /* Protocol */ = {
			isa = PBXGroup;
			children = (
				149430D52899195700E16E75 /* ReusableProtocol.swift */,
			);
			path = Protocol;
			sourceTree = "<group>";
		};
		149430DD28991E5E00E16E75 /* BoxOfficeMovie */ = {
			isa = PBXGroup;
			children = (
				149430DE28991E7C00E16E75 /* BoxOfficeMovieData.swift */,
			);
			path = BoxOfficeMovie;
			sourceTree = "<group>";
		};
		149430E028992F2A00E16E75 /* Movie */ = {
			isa = PBXGroup;
			children = (
				149430DD28991E5E00E16E75 /* BoxOfficeMovie */,
				149430BC289917FE00E16E75 /* Main.storyboard */,
				149430CA2899189400E16E75 /* SearchViewController.swift */,
				149430D02899190E00E16E75 /* ListTableViewCell.swift */,
				149430D12899190E00E16E75 /* ListTableViewCell.xib */,
			);
			path = Movie;
			sourceTree = "<group>";
		};
/* End PBXGroup section */

/* Begin PBXNativeTarget section */
		149430B2289917FE00E16E75 /* practiceSearchMovieData */ = {
			isa = PBXNativeTarget;
			buildConfigurationList = 149430C7289917FF00E16E75 /* Build configuration list for PBXNativeTarget "practiceSearchMovieData" */;
			buildPhases = (
				149430AF289917FE00E16E75 /* Sources */,
				149430B0289917FE00E16E75 /* Frameworks */,
				149430B1289917FE00E16E75 /* Resources */,
			);
			buildRules = (
			);
			dependencies = (
			);
			name = practiceSearchMovieData;
			packageProductDependencies = (
				149430D828991BB900E16E75 /* Alamofire */,
				149430DB28991BC800E16E75 /* SwiftyJSON */,
			);
			productName = practiceSearchMovieData;
			productReference = 149430B3289917FE00E16E75 /* practiceSearchMovieData.app */;
			productType = "com.apple.product-type.application";
		};
/* End PBXNativeTarget section */

/* Begin PBXProject section */
		149430AB289917FE00E16E75 /* Project object */ = {
			isa = PBXProject;
			attributes = {
				BuildIndependentTargetsInParallel = 1;
				LastSwiftUpdateCheck = 1340;
				LastUpgradeCheck = 1340;
				TargetAttributes = {
					149430B2289917FE00E16E75 = {
						CreatedOnToolsVersion = 13.4.1;
					};
				};
			};
			buildConfigurationList = 149430AE289917FE00E16E75 /* Build configuration list for PBXProject "practiceSearchMovieData" */;
			compatibilityVersion = "Xcode 13.0";
			developmentRegion = en;
			hasScannedForEncodings = 0;
			knownRegions = (
				en,
				Base,
			);
			mainGroup = 149430AA289917FE00E16E75;
			packageReferences = (
				149430D728991BB900E16E75 /* XCRemoteSwiftPackageReference "Alamofire" */,
				149430DA28991BC800E16E75 /* XCRemoteSwiftPackageReference "SwiftyJSON" */,
			);
			productRefGroup = 149430B4289917FE00E16E75 /* Products */;
			projectDirPath = "";
			projectRoot = "";
			targets = (
				149430B2289917FE00E16E75 /* practiceSearchMovieData */,
			);
		};
/* End PBXProject section */

/* Begin PBXResourcesBuildPhase section */
		149430B1289917FE00E16E75 /* Resources */ = {
			isa = PBXResourcesBuildPhase;
			buildActionMask = 2147483647;
			files = (
				149430C3289917FF00E16E75 /* LaunchScreen.storyboard in Resources */,
				149430D32899190E00E16E75 /* ListTableViewCell.xib in Resources */,
				149430C0289917FF00E16E75 /* Assets.xcassets in Resources */,
				149430BE289917FE00E16E75 /* Main.storyboard in Resources */,
			);
			runOnlyForDeploymentPostprocessing = 0;
		};
/* End PBXResourcesBuildPhase section */

/* Begin PBXSourcesBuildPhase section */
		149430AF289917FE00E16E75 /* Sources */ = {
			isa = PBXSourcesBuildPhase;
			buildActionMask = 2147483647;
			files = (
				149430D62899195700E16E75 /* ReusableProtocol.swift in Sources */,
				149430DF28991E7C00E16E75 /* BoxOfficeMovieData.swift in Sources */,
				149430B7289917FE00E16E75 /* AppDelegate.swift in Sources */,
				149430CF289918D300E16E75 /* Constant.swift in Sources */,
				149430CB2899189400E16E75 /* SearchViewController.swift in Sources */,
				149430B9289917FE00E16E75 /* SceneDelegate.swift in Sources */,
				149430D22899190E00E16E75 /* ListTableViewCell.swift in Sources */,
			);
			runOnlyForDeploymentPostprocessing = 0;
		};
/* End PBXSourcesBuildPhase section */

/* Begin PBXVariantGroup section */
		149430BC289917FE00E16E75 /* Main.storyboard */ = {
			isa = PBXVariantGroup;
			children = (
				149430BD289917FE00E16E75 /* Base */,
			);
			name = Main.storyboard;
			sourceTree = "<group>";
		};
		149430C1289917FF00E16E75 /* LaunchScreen.storyboard */ = {
			isa = PBXVariantGroup;
			children = (
				149430C2289917FF00E16E75 /* Base */,
			);
			name = LaunchScreen.storyboard;
			sourceTree = "<group>";
		};
/* End PBXVariantGroup section */

/* Begin XCBuildConfiguration section */
		149430C5289917FF00E16E75 /* Debug */ = {
			isa = XCBuildConfiguration;
			buildSettings = {
				ALWAYS_SEARCH_USER_PATHS = NO;
				CLANG_ANALYZER_NONNULL = YES;
				CLANG_ANALYZER_NUMBER_OBJECT_CONVERSION = YES_AGGRESSIVE;
				CLANG_CXX_LANGUAGE_STANDARD = "gnu++17";
				CLANG_ENABLE_MODULES = YES;
				CLANG_ENABLE_OBJC_ARC = YES;
				CLANG_ENABLE_OBJC_WEAK = YES;
				CLANG_WARN_BLOCK_CAPTURE_AUTORELEASING = YES;
				CLANG_WARN_BOOL_CONVERSION = YES;
				CLANG_WARN_COMMA = YES;
				CLANG_WARN_CONSTANT_CONVERSION = YES;
				CLANG_WARN_DEPRECATED_OBJC_IMPLEMENTATIONS = YES;
				CLANG_WARN_DIRECT_OBJC_ISA_USAGE = YES_ERROR;
				CLANG_WARN_DOCUMENTATION_COMMENTS = YES;
				CLANG_WARN_EMPTY_BODY = YES;
				CLANG_WARN_ENUM_CONVERSION = YES;
				CLANG_WARN_INFINITE_RECURSION = YES;
				CLANG_WARN_INT_CONVERSION = YES;
				CLANG_WARN_NON_LITERAL_NULL_CONVERSION = YES;
				CLANG_WARN_OBJC_IMPLICIT_RETAIN_SELF = YES;
				CLANG_WARN_OBJC_LITERAL_CONVERSION = YES;
				CLANG_WARN_OBJC_ROOT_CLASS = YES_ERROR;
				CLANG_WARN_QUOTED_INCLUDE_IN_FRAMEWORK_HEADER = YES;
				CLANG_WARN_RANGE_LOOP_ANALYSIS = YES;
				CLANG_WARN_STRICT_PROTOTYPES = YES;
				CLANG_WARN_SUSPICIOUS_MOVE = YES;
				CLANG_WARN_UNGUARDED_AVAILABILITY = YES_AGGRESSIVE;
				CLANG_WARN_UNREACHABLE_CODE = YES;
				CLANG_WARN__DUPLICATE_METHOD_MATCH = YES;
				COPY_PHASE_STRIP = NO;
				DEBUG_INFORMATION_FORMAT = dwarf;
				ENABLE_STRICT_OBJC_MSGSEND = YES;
				ENABLE_TESTABILITY = YES;
				GCC_C_LANGUAGE_STANDARD = gnu11;
				GCC_DYNAMIC_NO_PIC = NO;
				GCC_NO_COMMON_BLOCKS = YES;
				GCC_OPTIMIZATION_LEVEL = 0;
				GCC_PREPROCESSOR_DEFINITIONS = (
					"DEBUG=1",
					"$(inherited)",
				);
				GCC_WARN_64_TO_32_BIT_CONVERSION = YES;
				GCC_WARN_ABOUT_RETURN_TYPE = YES_ERROR;
				GCC_WARN_UNDECLARED_SELECTOR = YES;
				GCC_WARN_UNINITIALIZED_AUTOS = YES_AGGRESSIVE;
				GCC_WARN_UNUSED_FUNCTION = YES;
				GCC_WARN_UNUSED_VARIABLE = YES;
				IPHONEOS_DEPLOYMENT_TARGET = 15.5;
				MTL_ENABLE_DEBUG_INFO = INCLUDE_SOURCE;
				MTL_FAST_MATH = YES;
				ONLY_ACTIVE_ARCH = YES;
				SDKROOT = iphoneos;
				SWIFT_ACTIVE_COMPILATION_CONDITIONS = DEBUG;
				SWIFT_OPTIMIZATION_LEVEL = "-Onone";
			};
			name = Debug;
		};
		149430C6289917FF00E16E75 /* Release */ = {
			isa = XCBuildConfiguration;
			buildSettings = {
				ALWAYS_SEARCH_USER_PATHS = NO;
				CLANG_ANALYZER_NONNULL = YES;
				CLANG_ANALYZER_NUMBER_OBJECT_CONVERSION = YES_AGGRESSIVE;
				CLANG_CXX_LANGUAGE_STANDARD = "gnu++17";
				CLANG_ENABLE_MODULES = YES;
				CLANG_ENABLE_OBJC_ARC = YES;
				CLANG_ENABLE_OBJC_WEAK = YES;
				CLANG_WARN_BLOCK_CAPTURE_AUTORELEASING = YES;
				CLANG_WARN_BOOL_CONVERSION = YES;
				CLANG_WARN_COMMA = YES;
				CLANG_WARN_CONSTANT_CONVERSION = YES;
				CLANG_WARN_DEPRECATED_OBJC_IMPLEMENTATIONS = YES;
				CLANG_WARN_DIRECT_OBJC_ISA_USAGE = YES_ERROR;
				CLANG_WARN_DOCUMENTATION_COMMENTS = YES;
				CLANG_WARN_EMPTY_BODY = YES;
				CLANG_WARN_ENUM_CONVERSION = YES;
				CLANG_WARN_INFINITE_RECURSION = YES;
				CLANG_WARN_INT_CONVERSION = YES;
				CLANG_WARN_NON_LITERAL_NULL_CONVERSION = YES;
				CLANG_WARN_OBJC_IMPLICIT_RETAIN_SELF = YES;
				CLANG_WARN_OBJC_LITERAL_CONVERSION = YES;
				CLANG_WARN_OBJC_ROOT_CLASS = YES_ERROR;
				CLANG_WARN_QUOTED_INCLUDE_IN_FRAMEWORK_HEADER = YES;
				CLANG_WARN_RANGE_LOOP_ANALYSIS = YES;
				CLANG_WARN_STRICT_PROTOTYPES = YES;
				CLANG_WARN_SUSPICIOUS_MOVE = YES;
				CLANG_WARN_UNGUARDED_AVAILABILITY = YES_AGGRESSIVE;
				CLANG_WARN_UNREACHABLE_CODE = YES;
				CLANG_WARN__DUPLICATE_METHOD_MATCH = YES;
				COPY_PHASE_STRIP = NO;
				DEBUG_INFORMATION_FORMAT = "dwarf-with-dsym";
				ENABLE_NS_ASSERTIONS = NO;
				ENABLE_STRICT_OBJC_MSGSEND = YES;
				GCC_C_LANGUAGE_STANDARD = gnu11;
				GCC_NO_COMMON_BLOCKS = YES;
				GCC_WARN_64_TO_32_BIT_CONVERSION = YES;
				GCC_WARN_ABOUT_RETURN_TYPE = YES_ERROR;
				GCC_WARN_UNDECLARED_SELECTOR = YES;
				GCC_WARN_UNINITIALIZED_AUTOS = YES_AGGRESSIVE;
				GCC_WARN_UNUSED_FUNCTION = YES;
				GCC_WARN_UNUSED_VARIABLE = YES;
				IPHONEOS_DEPLOYMENT_TARGET = 15.5;
				MTL_ENABLE_DEBUG_INFO = NO;
				MTL_FAST_MATH = YES;
				SDKROOT = iphoneos;
				SWIFT_COMPILATION_MODE = wholemodule;
				SWIFT_OPTIMIZATION_LEVEL = "-O";
				VALIDATE_PRODUCT = YES;
			};
			name = Release;
		};
		149430C8289917FF00E16E75 /* Debug */ = {
			isa = XCBuildConfiguration;
			buildSettings = {
				ASSETCATALOG_COMPILER_APPICON_NAME = AppIcon;
				ASSETCATALOG_COMPILER_GLOBAL_ACCENT_COLOR_NAME = AccentColor;
				CODE_SIGN_STYLE = Automatic;
				CURRENT_PROJECT_VERSION = 1;
				GENERATE_INFOPLIST_FILE = YES;
				INFOPLIST_FILE = practiceSearchMovieData/Info.plist;
				INFOPLIST_KEY_UIApplicationSupportsIndirectInputEvents = YES;
				INFOPLIST_KEY_UILaunchStoryboardName = LaunchScreen;
				INFOPLIST_KEY_UIMainStoryboardFile = Main;
				INFOPLIST_KEY_UISupportedInterfaceOrientations_iPad = "UIInterfaceOrientationPortrait UIInterfaceOrientationPortraitUpsideDown UIInterfaceOrientationLandscapeLeft UIInterfaceOrientationLandscapeRight";
				INFOPLIST_KEY_UISupportedInterfaceOrientations_iPhone = "UIInterfaceOrientationPortrait UIInterfaceOrientationLandscapeLeft UIInterfaceOrientationLandscapeRight";
				LD_RUNPATH_SEARCH_PATHS = (
					"$(inherited)",
					"@executable_path/Frameworks",
				);
				MARKETING_VERSION = 1.0;
				PRODUCT_BUNDLE_IDENTIFIER = idhun90.practiceSearchMovieData;
				PRODUCT_NAME = "$(TARGET_NAME)";
				SWIFT_EMIT_LOC_STRINGS = YES;
				SWIFT_VERSION = 5.0;
				TARGETED_DEVICE_FAMILY = "1,2";
			};
			name = Debug;
		};
		149430C9289917FF00E16E75 /* Release */ = {
			isa = XCBuildConfiguration;
			buildSettings = {
				ASSETCATALOG_COMPILER_APPICON_NAME = AppIcon;
				ASSETCATALOG_COMPILER_GLOBAL_ACCENT_COLOR_NAME = AccentColor;
				CODE_SIGN_STYLE = Automatic;
				CURRENT_PROJECT_VERSION = 1;
				GENERATE_INFOPLIST_FILE = YES;
				INFOPLIST_FILE = practiceSearchMovieData/Info.plist;
				INFOPLIST_KEY_UIApplicationSupportsIndirectInputEvents = YES;
				INFOPLIST_KEY_UILaunchStoryboardName = LaunchScreen;
				INFOPLIST_KEY_UIMainStoryboardFile = Main;
				INFOPLIST_KEY_UISupportedInterfaceOrientations_iPad = "UIInterfaceOrientationPortrait UIInterfaceOrientationPortraitUpsideDown UIInterfaceOrientationLandscapeLeft UIInterfaceOrientationLandscapeRight";
				INFOPLIST_KEY_UISupportedInterfaceOrientations_iPhone = "UIInterfaceOrientationPortrait UIInterfaceOrientationLandscapeLeft UIInterfaceOrientationLandscapeRight";
				LD_RUNPATH_SEARCH_PATHS = (
					"$(inherited)",
					"@executable_path/Frameworks",
				);
				MARKETING_VERSION = 1.0;
				PRODUCT_BUNDLE_IDENTIFIER = idhun90.practiceSearchMovieData;
				PRODUCT_NAME = "$(TARGET_NAME)";
				SWIFT_EMIT_LOC_STRINGS = YES;
				SWIFT_VERSION = 5.0;
				TARGETED_DEVICE_FAMILY = "1,2";
			};
			name = Release;
		};
/* End XCBuildConfiguration section */

/* Begin XCConfigurationList section */
		149430AE289917FE00E16E75 /* Build configuration list for PBXProject "practiceSearchMovieData" */ = {
			isa = XCConfigurationList;
			buildConfigurations = (
				149430C5289917FF00E16E75 /* Debug */,
				149430C6289917FF00E16E75 /* Release */,
			);
			defaultConfigurationIsVisible = 0;
			defaultConfigurationName = Release;
		};
		149430C7289917FF00E16E75 /* Build configuration list for PBXNativeTarget "practiceSearchMovieData" */ = {
			isa = XCConfigurationList;
			buildConfigurations = (
				149430C8289917FF00E16E75 /* Debug */,
				149430C9289917FF00E16E75 /* Release */,
			);
			defaultConfigurationIsVisible = 0;
			defaultConfigurationName = Release;
		};
/* End XCConfigurationList section */

/* Begin XCRemoteSwiftPackageReference section */
		149430D728991BB900E16E75 /* XCRemoteSwiftPackageReference "Alamofire" */ = {
			isa = XCRemoteSwiftPackageReference;
			repositoryURL = "https://github.com/Alamofire/Alamofire.git";
			requirement = {
				kind = upToNextMajorVersion;
				minimumVersion = 5.0.0;
			};
		};
		149430DA28991BC800E16E75 /* XCRemoteSwiftPackageReference "SwiftyJSON" */ = {
			isa = XCRemoteSwiftPackageReference;
			repositoryURL = "https://github.com/SwiftyJSON/SwiftyJSON.git";
			requirement = {
				kind = upToNextMajorVersion;
				minimumVersion = 5.0.0;
			};
		};
/* End XCRemoteSwiftPackageReference section */

/* Begin XCSwiftPackageProductDependency section */
		149430D828991BB900E16E75 /* Alamofire */ = {
			isa = XCSwiftPackageProductDependency;
			package = 149430D728991BB900E16E75 /* XCRemoteSwiftPackageReference "Alamofire" */;
			productName = Alamofire;
		};
		149430DB28991BC800E16E75 /* SwiftyJSON */ = {
			isa = XCSwiftPackageProductDependency;
			package = 149430DA28991BC800E16E75 /* XCRemoteSwiftPackageReference "SwiftyJSON" */;
			productName = SwiftyJSON;
		};
/* End XCSwiftPackageProductDependency section */
	};
	rootObject = 149430AB289917FE00E16E75 /* Project object */;
}
